
Microsoft Visual Studio Solution File, Format Version 11.00
# Visual Studio 2010
Project("{FAE04EC0-301F-11D3-BF4B-00C04F79EFBC}") = "SS_Demo", "SS_Demo\SS_Demo.csproj", "{E081B63D-66A7-46DE-ACC4-F4355416A9FE}"
EndProject
Project("{2150E333-8FDC-42A3-9474-1A3956D46DE8}") = "IsisServiceCounter", "IsisServiceCounter", "{3B2E8EEE-B143-4E70-9FCE-AEBB59C033D7}"
EndProject
Project("{FAE04EC0-301F-11D3-BF4B-00C04F79EFBC}") = "Counter.ServiceModel", "Counter.ServiceModel\Counter.ServiceModel.csproj", "{B747B85F-A34A-4987-9262-70FF0D463FCB}"
EndProject
Project("{FAE04EC0-301F-11D3-BF4B-00C04F79EFBC}") = "Counter.ServiceInterface", "Counter.ServiceInterface\Counter.ServiceInterface.csproj", "{AFA4B4DF-9F72-423E-BC89-70E4F03DB880}"
EndProject
Global
	GlobalSection(SolutionConfigurationPlatforms) = preSolution
		Debug|Any CPU = Debug|Any CPU
		Release|Any CPU = Release|Any CPU
	EndGlobalSection
	GlobalSection(ProjectConfigurationPlatforms) = postSolution
		{E081B63D-66A7-46DE-ACC4-F4355416A9FE}.Debug|Any CPU.ActiveCfg = Debug|Any CPU
		{E081B63D-66A7-46DE-ACC4-F4355416A9FE}.Debug|Any CPU.Build.0 = Debug|Any CPU
		{E081B63D-66A7-46DE-ACC4-F4355416A9FE}.Release|Any CPU.ActiveCfg = Release|Any CPU
		{E081B63D-66A7-46DE-ACC4-F4355416A9FE}.Release|Any CPU.Build.0 = Release|Any CPU
		{B747B85F-A34A-4987-9262-70FF0D463FCB}.Debug|Any CPU.ActiveCfg = Debug|Any CPU
		{B747B85F-A34A-4987-9262-70FF0D463FCB}.Debug|Any CPU.Build.0 = Debug|Any CPU
		{B747B85F-A34A-4987-9262-70FF0D463FCB}.Release|Any CPU.ActiveCfg = Release|Any CPU
		{B747B85F-A34A-4987-9262-70FF0D463FCB}.Release|Any CPU.Build.0 = Release|Any CPU
		{AFA4B4DF-9F72-423E-BC89-70E4F03DB880}.Debug|Any CPU.ActiveCfg = Debug|Any CPU
		{AFA4B4DF-9F72-423E-BC89-70E4F03DB880}.Debug|Any CPU.Build.0 = Debug|Any CPU
		{AFA4B4DF-9F72-423E-BC89-70E4F03DB880}.Release|Any CPU.ActiveCfg = Release|Any CPU
		{AFA4B4DF-9F72-423E-BC89-70E4F03DB880}.Release|Any CPU.Build.0 = Release|Any CPU
	EndGlobalSection
	GlobalSection(SolutionProperties) = preSolution
		HideSolutionNode = FALSE
	EndGlobalSection
	GlobalSection(NestedProjects) = preSolution
		{B747B85F-A34A-4987-9262-70FF0D463FCB} = {3B2E8EEE-B143-4E70-9FCE-AEBB59C033D7}
		{AFA4B4DF-9F72-423E-BC89-70E4F03DB880} = {3B2E8EEE-B143-4E70-9FCE-AEBB59C033D7}
	EndGlobalSection
EndGlobal
